
Microsoft Visual Studio Solution File, Format Version 12.00
# Visual Studio 2013
VisualStudioVersion = 12.0.31101.0
MinimumVisualStudioVersion = 10.0.40219.1
Project("{E24C65DC-7377-472B-9ABA-BC803B73C61A}") = "PROJECT(1)", "PROJECT\", "{2CFEF5C2-6E33-4EC6-B5AA-877CBE8620D0}"
	ProjectSection(WebsiteProperties) = preProject
		TargetFrameworkMoniker = ".NETFramework,Version%3Dv4.0"
		Debug.AspNetCompiler.VirtualPath = "/PROJECT"
		Debug.AspNetCompiler.PhysicalPath = "PROJECT\"
		Debug.AspNetCompiler.TargetPath = "PrecompiledWeb\PROJECT\"
		Debug.AspNetCompiler.Updateable = "true"
		Debug.AspNetCompiler.ForceOverwrite = "true"
		Debug.AspNetCompiler.FixedNames = "false"
		Debug.AspNetCompiler.Debug = "True"
		Release.AspNetCompiler.VirtualPath = "/PROJECT"
		Release.AspNetCompiler.PhysicalPath = "PROJECT\"
		Release.AspNetCompiler.TargetPath = "PrecompiledWeb\PROJECT\"
		Release.AspNetCompiler.Updateable = "true"
		Release.AspNetCompiler.ForceOverwrite = "true"
		Release.AspNetCompiler.FixedNames = "false"
		Release.AspNetCompiler.Debug = "False"
		VWDPort = "57621"
		SlnRelativePath = "PROJECT\"
	EndProjectSection
EndProject
Global
	GlobalSection(SolutionConfigurationPlatforms) = preSolution
		Debug|Any CPU = Debug|Any CPU
	EndGlobalSection
	GlobalSection(ProjectConfigurationPlatforms) = postSolution
		{2CFEF5C2-6E33-4EC6-B5AA-877CBE8620D0}.Debug|Any CPU.ActiveCfg = Debug|Any CPU
		{2CFEF5C2-6E33-4EC6-B5AA-877CBE8620D0}.Debug|Any CPU.Build.0 = Debug|Any CPU
	EndGlobalSection
	GlobalSection(SolutionProperties) = preSolution
		HideSolutionNode = FALSE
	EndGlobalSection
EndGlobal
